
Microsoft Visual Studio Solution File, Format Version 12.00
# Visual Studio Version 17
VisualStudioVersion = 17.4.33110.190
MinimumVisualStudioVersion = 10.0.40219.1
Project("{FAE04EC0-301F-11D3-BF4B-00C04F79EFBC}") = "ApiHRM", "ApiHRM\ApiHRM.csproj", "{2D6016F4-BE7D-4A87-BBEB-507D676F82F6}"
EndProject
Global
	GlobalSection(SolutionConfigurationPlatforms) = preSolution
		Debug|Any CPU = Debug|Any CPU
		Release|Any CPU = Release|Any CPU
	EndGlobalSection
	GlobalSection(ProjectConfigurationPlatforms) = postSolution
		{2D6016F4-BE7D-4A87-BBEB-507D676F82F6}.Debug|Any CPU.ActiveCfg = Debug|Any CPU
		{2D6016F4-BE7D-4A87-BBEB-507D676F82F6}.Debug|Any CPU.Build.0 = Debug|Any CPU
		{2D6016F4-BE7D-4A87-BBEB-507D676F82F6}.Release|Any CPU.ActiveCfg = Release|Any CPU
		{2D6016F4-BE7D-4A87-BBEB-507D676F82F6}.Release|Any CPU.Build.0 = Release|Any CPU
	EndGlobalSection
	GlobalSection(SolutionProperties) = preSolution
		HideSolutionNode = FALSE
	EndGlobalSection
	GlobalSection(ExtensibilityGlobals) = postSolution
		SolutionGuid = {B129270E-54F4-4858-94A3-CB6D88473004}
	EndGlobalSection
EndGlobal
